// !$*UTF8*$!
{
	archiveVersion = 1;
	classes = {
	};
	objectVersion = 46;
	objects = {

/* Begin PBXBuildFile section */
		3F05949117832E5A00BE4AF9 /* WebBrowserViewController.xib in Resources */ = {isa = PBXBuildFile; fileRef = 3F05948F17832E5A00BE4AF9 /* WebBrowserViewController.xib */; };
		3F0594941783829900BE4AF9 /* MultiSearchIcon.png in Resources */ = {isa = PBXBuildFile; fileRef = 3F0594921783829900BE4AF9 /* MultiSearchIcon.png */; };
		3F0594951783829900BE4AF9 /* MultiSearchIcon2x.png in Resources */ = {isa = PBXBuildFile; fileRef = 3F0594931783829900BE4AF9 /* MultiSearchIcon2x.png */; };
		3F8536FF177CF5A100339D4F /* UIKit.framework in Frameworks */ = {isa = PBXBuildFile; fileRef = 3F8536FE177CF5A100339D4F /* UIKit.framework */; };
		3F853701177CF5A100339D4F /* Foundation.framework in Frameworks */ = {isa = PBXBuildFile; fileRef = 3F853700177CF5A100339D4F /* Foundation.framework */; };
		3F853703177CF5A100339D4F /* CoreGraphics.framework in Frameworks */ = {isa = PBXBuildFile; fileRef = 3F853702177CF5A100339D4F /* CoreGraphics.framework */; };
		3F853709177CF5A100339D4F /* InfoPlist.strings in Resources */ = {isa = PBXBuildFile; fileRef = 3F853707177CF5A100339D4F /* InfoPlist.strings */; };
		3F85370B177CF5A100339D4F /* main.m in Sources */ = {isa = PBXBuildFile; fileRef = 3F85370A177CF5A100339D4F /* main.m */; };
		3F85370F177CF5A100339D4F /* AppDelegate.m in Sources */ = {isa = PBXBuildFile; fileRef = 3F85370E177CF5A100339D4F /* AppDelegate.m */; };
		3F853711177CF5A100339D4F /* Default.png in Resources */ = {isa = PBXBuildFile; fileRef = 3F853710177CF5A100339D4F /* Default.png */; };
		3F853713177CF5A100339D4F /* Default@2x.png in Resources */ = {isa = PBXBuildFile; fileRef = 3F853712177CF5A100339D4F /* Default@2x.png */; };
		3F853715177CF5A100339D4F /* Default-568h@2x.png in Resources */ = {isa = PBXBuildFile; fileRef = 3F853714177CF5A100339D4F /* Default-568h@2x.png */; };
		3F853718177CF5A100339D4F /* WebBrowserViewController.m in Sources */ = {isa = PBXBuildFile; fileRef = 3F853717177CF5A100339D4F /* WebBrowserViewController.m */; };
		3FE457CC1781E3E7000B7C26 /* MainMenuViewController.m in Sources */ = {isa = PBXBuildFile; fileRef = 3FE457CA1781E3E7000B7C26 /* MainMenuViewController.m */; };
		3FE457CD1781E3E7000B7C26 /* MainMenuViewController.xib in Resources */ = {isa = PBXBuildFile; fileRef = 3FE457CB1781E3E7000B7C26 /* MainMenuViewController.xib */; };
/* End PBXBuildFile section */

/* Begin PBXFileReference section */
		3F05949017832E5A00BE4AF9 /* en */ = {isa = PBXFileReference; lastKnownFileType = file.xib; name = en; path = en.lproj/WebBrowserViewController.xib; sourceTree = "<group>"; };
		3F0594921783829900BE4AF9 /* MultiSearchIcon.png */ = {isa = PBXFileReference; lastKnownFileType = image.png; path = MultiSearchIcon.png; sourceTree = "<group>"; };
		3F0594931783829900BE4AF9 /* MultiSearchIcon2x.png */ = {isa = PBXFileReference; lastKnownFileType = image.png; path = MultiSearchIcon2x.png; sourceTree = "<group>"; };
		3F8536FB177CF5A100339D4F /* MultiSearch.app */ = {isa = PBXFileReference; explicitFileType = wrapper.application; includeInIndex = 0; path = MultiSearch.app; sourceTree = BUILT_PRODUCTS_DIR; };
		3F8536FE177CF5A100339D4F /* UIKit.framework */ = {isa = PBXFileReference; lastKnownFileType = wrapper.framework; name = UIKit.framework; path = System/Library/Frameworks/UIKit.framework; sourceTree = SDKROOT; };
		3F853700177CF5A100339D4F /* Foundation.framework */ = {isa = PBXFileReference; lastKnownFileType = wrapper.framework; name = Foundation.framework; path = System/Library/Frameworks/Foundation.framework; sourceTree = SDKROOT; };
		3F853702177CF5A100339D4F /* CoreGraphics.framework */ = {isa = PBXFileReference; lastKnownFileType = wrapper.framework; name = CoreGraphics.framework; path = System/Library/Frameworks/CoreGraphics.framework; sourceTree = SDKROOT; };
		3F853706177CF5A100339D4F /* MultiSearch-Info.plist */ = {isa = PBXFileReference; lastKnownFileType = text.plist.xml; path = "MultiSearch-Info.plist"; sourceTree = "<group>"; };
		3F853708177CF5A100339D4F /* en */ = {isa = PBXFileReference; lastKnownFileType = text.plist.strings; name = en; path = en.lproj/InfoPlist.strings; sourceTree = "<group>"; };
		3F85370A177CF5A100339D4F /* main.m */ = {isa = PBXFileReference; lastKnownFileType = sourcecode.c.objc; path = main.m; sourceTree = "<group>"; };
		3F85370C177CF5A100339D4F /* MultiSearch-Prefix.pch */ = {isa = PBXFileReference; lastKnownFileType = sourcecode.c.h; path = "MultiSearch-Prefix.pch"; sourceTree = "<group>"; };
		3F85370D177CF5A100339D4F /* AppDelegate.h */ = {isa = PBXFileReference; lastKnownFileType = sourcecode.c.h; path = AppDelegate.h; sourceTree = "<group>"; };
		3F85370E177CF5A100339D4F /* AppDelegate.m */ = {isa = PBXFileReference; lastKnownFileType = sourcecode.c.objc; path = AppDelegate.m; sourceTree = "<group>"; };
		3F853710177CF5A100339D4F /* Default.png */ = {isa = PBXFileReference; lastKnownFileType = image.png; path = Default.png; sourceTree = "<group>"; };
		3F853712177CF5A100339D4F /* Default@2x.png */ = {isa = PBXFileReference; lastKnownFileType = image.png; path = "Default@2x.png"; sourceTree = "<group>"; };
		3F853714177CF5A100339D4F /* Default-568h@2x.png */ = {isa = PBXFileReference; lastKnownFileType = image.png; path = "Default-568h@2x.png"; sourceTree = "<group>"; };
		3F853716177CF5A100339D4F /* WebBrowserViewController.h */ = {isa = PBXFileReference; lastKnownFileType = sourcecode.c.h; path = WebBrowserViewController.h; sourceTree = "<group>"; };
		3F853717177CF5A100339D4F /* WebBrowserViewController.m */ = {isa = PBXFileReference; lastKnownFileType = sourcecode.c.objc; path = WebBrowserViewController.m; sourceTree = "<group>"; };
		3FE457C91781E3E7000B7C26 /* MainMenuViewController.h */ = {isa = PBXFileReference; fileEncoding = 4; lastKnownFileType = sourcecode.c.h; path = MainMenuViewController.h; sourceTree = "<group>"; };
		3FE457CA1781E3E7000B7C26 /* MainMenuViewController.m */ = {isa = PBXFileReference; fileEncoding = 4; lastKnownFileType = sourcecode.c.objc; path = MainMenuViewController.m; sourceTree = "<group>"; };
		3FE457CB1781E3E7000B7C26 /* MainMenuViewController.xib */ = {isa = PBXFileReference; fileEncoding = 4; lastKnownFileType = file.xib; path = MainMenuViewController.xib; sourceTree = "<group>"; };
/* End PBXFileReference section */

/* Begin PBXFrameworksBuildPhase section */
		3F8536F8177CF5A100339D4F /* Frameworks */ = {
			isa = PBXFrameworksBuildPhase;
			buildActionMask = 2147483647;
			files = (
				3F8536FF177CF5A100339D4F /* UIKit.framework in Frameworks */,
				3F853701177CF5A100339D4F /* Foundation.framework in Frameworks */,
				3F853703177CF5A100339D4F /* CoreGraphics.framework in Frameworks */,
			);
			runOnlyForDeploymentPostprocessing = 0;
		};
/* End PBXFrameworksBuildPhase section */

/* Begin PBXGroup section */
		3F0ABB041781E42F0019E214 /* MainMenu */ = {
			isa = PBXGroup;
			children = (
				3FE457C91781E3E7000B7C26 /* MainMenuViewController.h */,
				3FE457CA1781E3E7000B7C26 /* MainMenuViewController.m */,
				3FE457CB1781E3E7000B7C26 /* MainMenuViewController.xib */,
			);
			name = MainMenu;
			sourceTree = "<group>";
		};
		3F8536F2177CF5A100339D4F = {
			isa = PBXGroup;
			children = (
				3F853704177CF5A100339D4F /* MultiSearch */,
				3F8536FD177CF5A100339D4F /* Frameworks */,
				3F8536FC177CF5A100339D4F /* Products */,
			);
			sourceTree = "<group>";
		};
		3F8536FC177CF5A100339D4F /* Products */ = {
			isa = PBXGroup;
			children = (
				3F8536FB177CF5A100339D4F /* MultiSearch.app */,
			);
			name = Products;
			sourceTree = "<group>";
		};
		3F8536FD177CF5A100339D4F /* Frameworks */ = {
			isa = PBXGroup;
			children = (
				3F8536FE177CF5A100339D4F /* UIKit.framework */,
				3F853700177CF5A100339D4F /* Foundation.framework */,
				3F853702177CF5A100339D4F /* CoreGraphics.framework */,
			);
			name = Frameworks;
			sourceTree = "<group>";
		};
		3F853704177CF5A100339D4F /* MultiSearch */ = {
			isa = PBXGroup;
			children = (
				3F85370D177CF5A100339D4F /* AppDelegate.h */,
				3F85370E177CF5A100339D4F /* AppDelegate.m */,
				3F0ABB041781E42F0019E214 /* MainMenu */,
				3FB3ECE71781FC58006FD653 /* WebBrowser */,
				3F853705177CF5A100339D4F /* Supporting Files */,
			);
			path = MultiSearch;
			sourceTree = "<group>";
		};
		3F853705177CF5A100339D4F /* Supporting Files */ = {
			isa = PBXGroup;
			children = (
				3F0594921783829900BE4AF9 /* MultiSearchIcon.png */,
				3F0594931783829900BE4AF9 /* MultiSearchIcon2x.png */,
				3F853706177CF5A100339D4F /* MultiSearch-Info.plist */,
				3F853707177CF5A100339D4F /* InfoPlist.strings */,
				3F85370A177CF5A100339D4F /* main.m */,
				3F85370C177CF5A100339D4F /* MultiSearch-Prefix.pch */,
				3F853710177CF5A100339D4F /* Default.png */,
				3F853712177CF5A100339D4F /* Default@2x.png */,
				3F853714177CF5A100339D4F /* Default-568h@2x.png */,
			);
			name = "Supporting Files";
			sourceTree = "<group>";
		};
		3FB3ECE71781FC58006FD653 /* WebBrowser */ = {
			isa = PBXGroup;
			children = (
				3F853716177CF5A100339D4F /* WebBrowserViewController.h */,
				3F853717177CF5A100339D4F /* WebBrowserViewController.m */,
				3F05948F17832E5A00BE4AF9 /* WebBrowserViewController.xib */,
			);
			name = WebBrowser;
			sourceTree = "<group>";
		};
/* End PBXGroup section */

/* Begin PBXNativeTarget section */
		3F8536FA177CF5A100339D4F /* MultiSearch */ = {
			isa = PBXNativeTarget;
			buildConfigurationList = 3F853721177CF5A100339D4F /* Build configuration list for PBXNativeTarget "MultiSearch" */;
			buildPhases = (
				3F8536F7177CF5A100339D4F /* Sources */,
				3F8536F8177CF5A100339D4F /* Frameworks */,
				3F8536F9177CF5A100339D4F /* Resources */,
			);
			buildRules = (
			);
			dependencies = (
			);
			name = MultiSearch;
			productName = MultiSearch;
			productReference = 3F8536FB177CF5A100339D4F /* MultiSearch.app */;
			productType = "com.apple.product-type.application";
		};
/* End PBXNativeTarget section */

/* Begin PBXProject section */
		3F8536F3177CF5A100339D4F /* Project object */ = {
			isa = PBXProject;
			attributes = {
				LastUpgradeCheck = 0460;
				ORGANIZATIONNAME = Phil;
			};
			buildConfigurationList = 3F8536F6177CF5A100339D4F /* Build configuration list for PBXProject "MultiSearch" */;
			compatibilityVersion = "Xcode 3.2";
			developmentRegion = English;
			hasScannedForEncodings = 0;
			knownRegions = (
				en,
			);
			mainGroup = 3F8536F2177CF5A100339D4F;
			productRefGroup = 3F8536FC177CF5A100339D4F /* Products */;
			projectDirPath = "";
			projectRoot = "";
			targets = (
				3F8536FA177CF5A100339D4F /* MultiSearch */,
			);
		};
/* End PBXProject section */

/* Begin PBXResourcesBuildPhase section */
		3F8536F9177CF5A100339D4F /* Resources */ = {
			isa = PBXResourcesBuildPhase;
			buildActionMask = 2147483647;
			files = (
				3F853709177CF5A100339D4F /* InfoPlist.strings in Resources */,
				3F853711177CF5A100339D4F /* Default.png in Resources */,
				3F853713177CF5A100339D4F /* Default@2x.png in Resources */,
				3F853715177CF5A100339D4F /* Default-568h@2x.png in Resources */,
				3FE457CD1781E3E7000B7C26 /* MainMenuViewController.xib in Resources */,
				3F05949117832E5A00BE4AF9 /* WebBrowserViewController.xib in Resources */,
				3F0594941783829900BE4AF9 /* MultiSearchIcon.png in Resources */,
				3F0594951783829900BE4AF9 /* MultiSearchIcon2x.png in Resources */,
			);
			runOnlyForDeploymentPostprocessing = 0;
		};
/* End PBXResourcesBuildPhase section */

/* Begin PBXSourcesBuildPhase section */
		3F8536F7177CF5A100339D4F /* Sources */ = {
			isa = PBXSourcesBuildPhase;
			buildActionMask = 2147483647;
			files = (
				3F85370B177CF5A100339D4F /* main.m in Sources */,
				3F85370F177CF5A100339D4F /* AppDelegate.m in Sources */,
				3F853718177CF5A100339D4F /* WebBrowserViewController.m in Sources */,
				3FE457CC1781E3E7000B7C26 /* MainMenuViewController.m in Sources */,
			);
			runOnlyForDeploymentPostprocessing = 0;
		};
/* End PBXSourcesBuildPhase section */

/* Begin PBXVariantGroup section */
		3F05948F17832E5A00BE4AF9 /* WebBrowserViewController.xib */ = {
			isa = PBXVariantGroup;
			children = (
				3F05949017832E5A00BE4AF9 /* en */,
			);
			name = WebBrowserViewController.xib;
			sourceTree = "<group>";
		};
		3F853707177CF5A100339D4F /* InfoPlist.strings */ = {
			isa = PBXVariantGroup;
			children = (
				3F853708177CF5A100339D4F /* en */,
			);
			name = InfoPlist.strings;
			sourceTree = "<group>";
		};
/* End PBXVariantGroup section */

/* Begin XCBuildConfiguration section */
		3F85371F177CF5A100339D4F /* Debug */ = {
			isa = XCBuildConfiguration;
			buildSettings = {
				ALWAYS_SEARCH_USER_PATHS = NO;
				CLANG_CXX_LANGUAGE_STANDARD = "gnu++0x";
				CLANG_CXX_LIBRARY = "libc++";
				CLANG_ENABLE_OBJC_ARC = YES;
				CLANG_WARN_CONSTANT_CONVERSION = YES;
				CLANG_WARN_EMPTY_BODY = YES;
				CLANG_WARN_ENUM_CONVERSION = YES;
				CLANG_WARN_INT_CONVERSION = YES;
				CLANG_WARN__DUPLICATE_METHOD_MATCH = YES;
				"CODE_SIGN_IDENTITY[sdk=iphoneos*]" = "iPhone Developer";
				COPY_PHASE_STRIP = NO;
				GCC_C_LANGUAGE_STANDARD = gnu99;
				GCC_DYNAMIC_NO_PIC = NO;
				GCC_OPTIMIZATION_LEVEL = 0;
				GCC_PREPROCESSOR_DEFINITIONS = (
					"DEBUG=1",
					"$(inherited)",
				);
				GCC_SYMBOLS_PRIVATE_EXTERN = NO;
				GCC_WARN_ABOUT_RETURN_TYPE = YES;
				GCC_WARN_UNINITIALIZED_AUTOS = YES;
				GCC_WARN_UNUSED_VARIABLE = YES;
				IPHONEOS_DEPLOYMENT_TARGET = 6.1;
				ONLY_ACTIVE_ARCH = YES;
				SDKROOT = iphoneos;
				TARGETED_DEVICE_FAMILY = "1,2";
			};
			name = Debug;
		};
		3F853720177CF5A100339D4F /* Release */ = {
			isa = XCBuildConfiguration;
			buildSettings = {
				ALWAYS_SEARCH_USER_PATHS = NO;
				CLANG_CXX_LANGUAGE_STANDARD = "gnu++0x";
				CLANG_CXX_LIBRARY = "libc++";
				CLANG_ENABLE_OBJC_ARC = YES;
				CLANG_WARN_CONSTANT_CONVERSION = YES;
				CLANG_WARN_EMPTY_BODY = YES;
				CLANG_WARN_ENUM_CONVERSION = YES;
				CLANG_WARN_INT_CONVERSION = YES;
				CLANG_WARN__DUPLICATE_METHOD_MATCH = YES;
				"CODE_SIGN_IDENTITY[sdk=iphoneos*]" = "iPhone Developer";
				COPY_PHASE_STRIP = YES;
				GCC_C_LANGUAGE_STANDARD = gnu99;
				GCC_WARN_ABOUT_RETURN_TYPE = YES;
				GCC_WARN_UNINITIALIZED_AUTOS = YES;
				GCC_WARN_UNUSED_VARIABLE = YES;
				IPHONEOS_DEPLOYMENT_TARGET = 6.1;
				OTHER_CFLAGS = "-DNS_BLOCK_ASSERTIONS=1";
				SDKROOT = iphoneos;
				TARGETED_DEVICE_FAMILY = "1,2";
				VALIDATE_PRODUCT = YES;
			};
			name = Release;
		};
		3F853722177CF5A100339D4F /* Debug */ = {
			isa = XCBuildConfiguration;
			buildSettings = {
				GCC_PRECOMPILE_PREFIX_HEADER = YES;
				GCC_PREFIX_HEADER = "MultiSearch/MultiSearch-Prefix.pch";
				INFOPLIST_FILE = "MultiSearch/MultiSearch-Info.plist";
				PRODUCT_NAME = "$(TARGET_NAME)";
				WRAPPER_EXTENSION = app;
			};
			name = Debug;
		};
		3F853723177CF5A100339D4F /* Release */ = {
			isa = XCBuildConfiguration;
			buildSettings = {
				GCC_PRECOMPILE_PREFIX_HEADER = YES;
				GCC_PREFIX_HEADER = "MultiSearch/MultiSearch-Prefix.pch";
				INFOPLIST_FILE = "MultiSearch/MultiSearch-Info.plist";
				PRODUCT_NAME = "$(TARGET_NAME)";
				WRAPPER_EXTENSION = app;
			};
			name = Release;
		};
/* End XCBuildConfiguration section */

/* Begin XCConfigurationList section */
		3F8536F6177CF5A100339D4F /* Build configuration list for PBXProject "MultiSearch" */ = {
			isa = XCConfigurationList;
			buildConfigurations = (
				3F85371F177CF5A100339D4F /* Debug */,
				3F853720177CF5A100339D4F /* Release */,
			);
			defaultConfigurationIsVisible = 0;
			defaultConfigurationName = Release;
		};
		3F853721177CF5A100339D4F /* Build configuration list for PBXNativeTarget "MultiSearch" */ = {
			isa = XCConfigurationList;
			buildConfigurations = (
				3F853722177CF5A100339D4F /* Debug */,
				3F853723177CF5A100339D4F /* Release */,
			);
			defaultConfigurationIsVisible = 0;
			defaultConfigurationName = Release;
		};
/* End XCConfigurationList section */
	};
	rootObject = 3F8536F3177CF5A100339D4F /* Project object */;
}
